
Microsoft Visual Studio Solution File, Format Version 12.00
# Visual Studio Version 16
VisualStudioVersion = 16.0.31729.503
MinimumVisualStudioVersion = 10.0.40219.1
Project("{FAE04EC0-301F-11D3-BF4B-00C04F79EFBC}") = "22_10_21(1)", "22_10_21(1)\22_10_21(1).csproj", "{46C2CBD8-EF8A-4EDF-95EA-3F5BFB559A74}"
EndProject
Global
	GlobalSection(SolutionConfigurationPlatforms) = preSolution
		Debug|Any CPU = Debug|Any CPU
		Release|Any CPU = Release|Any CPU
	EndGlobalSection
	GlobalSection(ProjectConfigurationPlatforms) = postSolution
		{46C2CBD8-EF8A-4EDF-95EA-3F5BFB559A74}.Debug|Any CPU.ActiveCfg = Debug|Any CPU
		{46C2CBD8-EF8A-4EDF-95EA-3F5BFB559A74}.Debug|Any CPU.Build.0 = Debug|Any CPU
		{46C2CBD8-EF8A-4EDF-95EA-3F5BFB559A74}.Release|Any CPU.ActiveCfg = Release|Any CPU
		{46C2CBD8-EF8A-4EDF-95EA-3F5BFB559A74}.Release|Any CPU.Build.0 = Release|Any CPU
	EndGlobalSection
	GlobalSection(SolutionProperties) = preSolution
		HideSolutionNode = FALSE
	EndGlobalSection
	GlobalSection(ExtensibilityGlobals) = postSolution
		SolutionGuid = {F10A093C-2C52-4427-8651-E1AE6019C73B}
	EndGlobalSection
EndGlobal
