
Microsoft Visual Studio Solution File, Format Version 12.00
# Visual Studio Version 16
VisualStudioVersion = 16.0.31729.503
MinimumVisualStudioVersion = 10.0.40219.1
Project("{FAE04EC0-301F-11D3-BF4B-00C04F79EFBC}") = "29_10_21(1)", "29_10_21(1)\29_10_21(1).csproj", "{3570F294-CB73-41BA-9A0B-A6DE04FD130E}"
EndProject
Global
	GlobalSection(SolutionConfigurationPlatforms) = preSolution
		Debug|Any CPU = Debug|Any CPU
		Release|Any CPU = Release|Any CPU
	EndGlobalSection
	GlobalSection(ProjectConfigurationPlatforms) = postSolution
		{3570F294-CB73-41BA-9A0B-A6DE04FD130E}.Debug|Any CPU.ActiveCfg = Debug|Any CPU
		{3570F294-CB73-41BA-9A0B-A6DE04FD130E}.Debug|Any CPU.Build.0 = Debug|Any CPU
		{3570F294-CB73-41BA-9A0B-A6DE04FD130E}.Release|Any CPU.ActiveCfg = Release|Any CPU
		{3570F294-CB73-41BA-9A0B-A6DE04FD130E}.Release|Any CPU.Build.0 = Release|Any CPU
	EndGlobalSection
	GlobalSection(SolutionProperties) = preSolution
		HideSolutionNode = FALSE
	EndGlobalSection
	GlobalSection(ExtensibilityGlobals) = postSolution
		SolutionGuid = {25342E8F-02AC-4934-8283-7002564A2EBC}
	EndGlobalSection
EndGlobal
